<?xml version="1.0" encoding="utf-8"?>
<Project ToolsVersion="4.0" xmlns="http://schemas.microsoft.com/developer/msbuild/2003">
  <ItemGroup>
    <Filter Include="Source Files">
      <UniqueIdentifier>{4FC737F1-C7A5-4376-A066-2A32D752A2FF}</UniqueIdentifier>
      <Extensions>cpp;c;cc;cxx;def;odl;idl;hpj;bat;asm;asmx</Extensions>
    </Filter>
    <Filter Include="Header Files">
      <UniqueIdentifier>{93995380-89BD-4b04-88EB-625FBE52EBFB}</UniqueIdentifier>
      <Extensions>h;hh;hpp;hxx;hm;inl;inc;ipp;xsd</Extensions>
    </Filter>
    <Filter Include="Resource Files">
      <UniqueIdentifier>{67DA6AB6-F800-4c08-8B7A-83BB121AAD01}</UniqueIdentifier>
      <Extensions>rc;ico;cur;bmp;dlg;rc2;rct;bin;rgs;gif;jpg;jpeg;jpe;resx;tiff;tif;png;wav;mfcribbon-ms</Extensions>
    </Filter>
  </ItemGroup>
  <ItemGroup>
    <ClCompile Include="Main.cpp">
      <Filter>Source Files</Filter>
    </ClCompile>
    <ClCompile Include="CPU.cpp">
      <Filter>Source Files</Filter>
    </ClCompile>
    <ClCompile Include="Commands.cpp">
      <Filter>Source Files</Filter>
    </ClCompile>
    <ClCompile Include="ROMInfo.cpp">
      <Filter>Source Files</Filter>
    </ClCompile>
    <ClCompile Include="Draw.cpp">
      <Filter>Source Files</Filter>
    </ClCompile>
    <ClCompile Include="test.cpp">
      <Filter>Source Files</Filter>
    </ClCompile>
    <ClCompile Include="Log.cpp">
      <Filter>Source Files</Filter>
    </ClCompile>
    <ClCompile Include="Memory.cpp">
      <Filter>Source Files</Filter>
    </ClCompile>
    <ClCompile Include="Emulator.cpp">
      <Filter>Source Files</Filter>
    </ClCompile>
    <ClCompile Include="Sprite.cpp">
      <Filter>Source Files</Filter>
    </ClCompile>
    <ClCompile Include="Timer.cpp">
      <Filter>Source Files</Filter>
    </ClCompile>
    <ClCompile Include="NoRamNoRomMemory.cpp">
      <Filter>Source Files</Filter>
    </ClCompile>
    <ClCompile Include="MemoryFactory.cpp">
      <Filter>Source Files</Filter>
    </ClCompile>
    <ClCompile Include="MBC1Memory.cpp">
      <Filter>Source Files</Filter>
    </ClCompile>
    <ClCompile Include="MBC2Memory.cpp">
      <Filter>Source Files</Filter>
    </ClCompile>
    <ClCompile Include="MBC3Memory.cpp">
      <Filter>Source Files</Filter>
    </ClCompile>
    <ClCompile Include="MBC5Memory.cpp">
      <Filter>Source Files</Filter>
    </ClCompile>
    <ClCompile Include="RamNoRomMemory.cpp">
      <Filter>Source Files</Filter>
    </ClCompile>
    <ClCompile Include="JoypadState.cpp">
      <Filter>Source Files</Filter>
    </ClCompile>
  </ItemGroup>
  <ItemGroup>
    <ClInclude Include="CPU.h">
      <Filter>Header Files</Filter>
    </ClInclude>
    <ClInclude Include="alias.h">
      <Filter>Header Files</Filter>
    </ClInclude>
    <ClInclude Include="opcodes.h">
      <Filter>Header Files</Filter>
    </ClInclude>
    <ClInclude Include="Commands.h">
      <Filter>Header Files</Filter>
    </ClInclude>
    <ClInclude Include="ROMInfo.h">
      <Filter>Header Files</Filter>
    </ClInclude>
    <ClInclude Include="Draw.h">
      <Filter>Header Files</Filter>
    </ClInclude>
    <ClInclude Include="test.h">
      <Filter>Header Files</Filter>
    </ClInclude>
    <ClInclude Include="Log.h">
      <Filter>Header Files</Filter>
    </ClInclude>
    <ClInclude Include="Memory.h">
      <Filter>Header Files</Filter>
    </ClInclude>
    <ClInclude Include="registers.h">
      <Filter>Header Files</Filter>
    </ClInclude>
    <ClInclude Include="Emulator.h">
      <Filter>Header Files</Filter>
    </ClInclude>
    <ClInclude Include="Sprite.h">
      <Filter>Header Files</Filter>
    </ClInclude>
    <ClInclude Include="Timer.h">
      <Filter>Header Files</Filter>
    </ClInclude>
    <ClInclude Include="NoRamNoRomMemory.h">
      <Filter>Header Files</Filter>
    </ClInclude>
    <ClInclude Include="MemoryFactory.h">
      <Filter>Header Files</Filter>
    </ClInclude>
    <ClInclude Include="MBC1Memory.h">
      <Filter>Header Files</Filter>
    </ClInclude>
    <ClInclude Include="MBC2Memory.h">
      <Filter>Header Files</Filter>
    </ClInclude>
    <ClInclude Include="MBC3Memory.h">
      <Filter>Header Files</Filter>
    </ClInclude>
    <ClInclude Include="MBC5Memory.h">
      <Filter>Header Files</Filter>
    </ClInclude>
    <ClInclude Include="RamNoRomMemory.h">
      <Filter>Header Files</Filter>
    </ClInclude>
    <ClInclude Include="JoypadState.h">
      <Filter>Header Files</Filter>
    </ClInclude>
  </ItemGroup>
  <ItemGroup>
    <None Include="SDL2.dll" />
    <None Include="SDL2_image.dll" />
    <None Include="zlib1.dll" />
    <None Include="Pokemon Blue.gb" />
    <None Include="Pokemon Red.gb" />
    <None Include="SDL2_ttf.dll" />
    <None Include="libfreetype-6.dll" />
    <None Include="stats" />
    <None Include="commands" />
  </ItemGroup>
  <ItemGroup>
    <Font Include="OpenSans-Regular.ttf" />
    <Font Include="VeraMono.ttf" />
  </ItemGroup>
</Project>